version: 7
platforms:
- name: linux-64
- name: osx-64
- name: osx-arm64
environments:
  default:
    channels:
    - url: https://conda.anaconda.org/conda-forge/
    packages:
      linux-64:
      - conda: https://conda.anaconda.org/conda-forge/linux-64/_openmp_mutex-4.5-20_gnu.conda
      - conda: https://conda.anaconda.org/conda-forge/linux-64/bzip2-1.0.8-hda65f42_9.conda
      - conda: https://conda.anaconda.org/conda-forge/linux-64/gh-2.95.0-hfc2019e_0.conda
      - conda: https://conda.anaconda.org/conda-forge/linux-64/git-cliff-2.13.1-h66dc0b5_0.conda
      - conda: https://conda.anaconda.org/conda-forge/linux-64/libgcc-15.2.0-he0feb66_19.conda
      - conda: https://conda.anaconda.org/conda-forge/linux-64/libgit2-1.9.4-hc20babb_0.conda
      - conda: https://conda.anaconda.org/conda-forge/linux-64/libgomp-15.2.0-he0feb66_19.conda
      - conda: https://conda.anaconda.org/conda-forge/linux-64/libssh2-1.11.1-hcf80075_0.conda
      - conda: https://conda.anaconda.org/conda-forge/linux-64/libstdcxx-15.2.0-h934c35e_19.conda
      - conda: https://conda.anaconda.org/conda-forge/linux-64/libzlib-1.3.2-h25fd6f3_2.conda
      - conda: https://conda.anaconda.org/conda-forge/linux-64/openssl-3.6.3-h35e630c_0.conda
      - conda: https://conda.anaconda.org/conda-forge/linux-64/pcre2-10.47-haa7fec5_0.conda
      - conda: https://conda.anaconda.org/conda-forge/noarch/ca-certificates-2026.6.17-hbd8a1cb_0.conda
      osx-64:
      - conda: https://conda.anaconda.org/conda-forge/noarch/ca-certificates-2026.6.17-hbd8a1cb_0.conda
      - conda: https://conda.anaconda.org/conda-forge/osx-64/bzip2-1.0.8-h500dc9f_9.conda
      - conda: https://conda.anaconda.org/conda-forge/osx-64/gh-2.95.0-h5839d16_0.conda
      - conda: https://conda.anaconda.org/conda-forge/osx-64/git-cliff-2.13.1-h6d18f09_0.conda
      - conda: https://conda.anaconda.org/conda-forge/osx-64/libcxx-22.1.8-h19cb2f5_0.conda
      - conda: https://conda.anaconda.org/conda-forge/osx-64/libgit2-1.9.4-h415d65b_0.conda
      - conda: https://conda.anaconda.org/conda-forge/osx-64/libiconv-1.18-h57a12c2_2.conda
      - conda: https://conda.anaconda.org/conda-forge/osx-64/libssh2-1.11.1-hed3591d_0.conda
      - conda: https://conda.anaconda.org/conda-forge/osx-64/libzlib-1.3.2-hbb4bfdb_2.conda
      - conda: https://conda.anaconda.org/conda-forge/osx-64/openssl-3.6.3-hc881268_0.conda
      - conda: https://conda.anaconda.org/conda-forge/osx-64/pcre2-10.47-h13923f0_0.conda
      osx-arm64:
      - conda: https://conda.anaconda.org/conda-forge/noarch/ca-certificates-2026.6.17-hbd8a1cb_0.conda
      - conda: https://conda.anaconda.org/conda-forge/osx-arm64/bzip2-1.0.8-hd037594_9.conda
      - conda: https://conda.anaconda.org/conda-forge/osx-arm64/gh-2.95.0-hf76c51c_0.conda
      - conda: https://conda.anaconda.org/conda-forge/osx-arm64/git-cliff-2.13.1-h5a0b6fd_0.conda
      - conda: https://conda.anaconda.org/conda-forge/osx-arm64/libcxx-22.1.8-h55c6f16_0.conda
      - conda: https://conda.anaconda.org/conda-forge/osx-arm64/libgit2-1.9.4-h9a1894c_0.conda
      - conda: https://conda.anaconda.org/conda-forge/osx-arm64/libiconv-1.18-h23cfdf5_2.conda
      - conda: https://conda.anaconda.org/conda-forge/osx-arm64/libssh2-1.11.1-h1590b86_0.conda
      - conda: https://conda.anaconda.org/conda-forge/osx-arm64/libzlib-1.3.2-h8088a28_2.conda
      - conda: https://conda.anaconda.org/conda-forge/osx-arm64/openssl-3.6.3-hd24854e_0.conda
      - conda: https://conda.anaconda.org/conda-forge/osx-arm64/pcre2-10.47-h30297fc_0.conda
packages:
- conda: https://conda.anaconda.org/conda-forge/linux-64/_openmp_mutex-4.5-20_gnu.conda
  build_number: 20
  sha256: 1dd3fffd892081df9726d7eb7e0dea6198962ba775bd88842135a4ddb4deb3c9
  md5: a9f577daf3de00bca7c3c76c0ecbd1de
  depends:
  - __glibc >=2.17,<3.0.a0
  - libgomp >=7.5.0
  constrains:
  - openmp_impl <0.0a0
  license: BSD-3-Clause
  license_family: BSD
  run_exports:
    strong:
    - _openmp_mutex >=4.5
  size: 28948
  timestamp: 1770939786096
- conda: https://conda.anaconda.org/conda-forge/linux-64/bzip2-1.0.8-hda65f42_9.conda
  sha256: 0b75d45f0bba3e95dc693336fa51f40ea28c980131fec438afb7ce6118ed05f6
  md5: d2ffd7602c02f2b316fd921d39876885
  depends:
  - __glibc >=2.17,<3.0.a0
  - libgcc >=14
  license: bzip2-1.0.6
  license_family: BSD
  run_exports:
    weak:
    - bzip2 >=1.0.8,<2.0a0
  size: 260182
  timestamp: 1771350215188
- conda: https://conda.anaconda.org/conda-forge/linux-64/gh-2.95.0-hfc2019e_0.conda
  sha256: 867df5c3f9e392237809a6df0291f8ad0102f7e75606afacef7ae13e20579018
  md5: db2d54e23a87b384f4b3bf8b0d7a8fb8
  license: Apache-2.0
  license_family: APACHE
  run_exports: {}
  size: 13415888
  timestamp: 1781736171308
- conda: https://conda.anaconda.org/conda-forge/linux-64/git-cliff-2.13.1-h66dc0b5_0.conda
  sha256: fffd3e80b736d77403351d0c421651a6f5d05d90fd7fa81da7dc770e907cdb4a
  md5: 7a3fd7f340184ae5e64fe0621b0649ab
  depends:
  - libgcc >=14
  - __glibc >=2.17,<3.0.a0
  - libgit2 >=1.9.2,<1.10.0a0
  - libzlib >=1.3.2,<2.0a0
  - libssh2 >=1.11.1,<2.0a0
  constrains:
  - __glibc >=2.17
  license: MIT OR Apache-2.0
  run_exports: {}
  size: 5840935
  timestamp: 1777214856418
- conda: https://conda.anaconda.org/conda-forge/linux-64/libgcc-15.2.0-he0feb66_19.conda
  sha256: 8e0a3b5e41272e5678499b5dfc4cddb673f9e935de01eb0767ce857001229f46
  md5: 57736f29cc2b0ec0b6c2952d3f101b6a
  depends:
  - __glibc >=2.17,<3.0.a0
  - _openmp_mutex >=4.5
  constrains:
  - libgcc-ng ==15.2.0=*_19
  - libgomp 15.2.0 he0feb66_19
  license: GPL-3.0-only WITH GCC-exception-3.1
  license_family: GPL
  run_exports: {}
  size: 1041084
  timestamp: 1778269013026
- conda: https://conda.anaconda.org/conda-forge/linux-64/libgit2-1.9.4-hc20babb_0.conda
  sha256: 2fa319bd152dcd03d8ea21d289a34aaa14ce3781173964cc9e52bdecc43e311d
  md5: 4ce3d27b6752f4a4c92325232b11bbe0
  depends:
  - libstdcxx >=14
  - libgcc >=14
  - __glibc >=2.17,<3.0.a0
  - openssl >=3.5.6,<4.0a0
  - libssh2 >=1.11.1,<2.0a0
  - libzlib >=1.3.2,<2.0a0
  - pcre2 >=10.47,<10.48.0a0
  license: GPL-2.0-only WITH GCC-exception-2.0
  license_family: GPL
  run_exports:
    weak:
    - libgit2 >=1.9.4,<1.10.0a0
  size: 1038373
  timestamp: 1779458895042
- conda: https://conda.anaconda.org/conda-forge/linux-64/libgomp-15.2.0-he0feb66_19.conda
  sha256: 5abe4ab9d93f6c9757d654f1969ae2267d4505315c1f2f8fe705fd60af084f1b
  md5: faac990cb7aedc7f3a2224f2c9b0c26c
  depends:
  - __glibc >=2.17,<3.0.a0
  license: GPL-3.0-only WITH GCC-exception-3.1
  license_family: GPL
  run_exports:
    strong:
    - _openmp_mutex >=4.5
  size: 603817
  timestamp: 1778268942614
- conda: https://conda.anaconda.org/conda-forge/linux-64/libssh2-1.11.1-hcf80075_0.conda
  sha256: fa39bfd69228a13e553bd24601332b7cfeb30ca11a3ca50bb028108fe90a7661
  md5: eecce068c7e4eddeb169591baac20ac4
  depends:
  - __glibc >=2.17,<3.0.a0
  - libgcc >=13
  - libzlib >=1.3.1,<2.0a0
  - openssl >=3.5.0,<4.0a0
  license: BSD-3-Clause
  license_family: BSD
  run_exports:
    weak:
    - libssh2 >=1.11.1,<2.0a0
  size: 304790
  timestamp: 1745608545575
- conda: https://conda.anaconda.org/conda-forge/linux-64/libstdcxx-15.2.0-h934c35e_19.conda
  sha256: dff1058c76ec6b8759e41cefa2508162d00e4a5e6721aa68ec3fd10094e702dc
  md5: 5794b3bdc38177caf969dabd3af08549
  depends:
  - __glibc >=2.17,<3.0.a0
  - libgcc 15.2.0 he0feb66_19
  constrains:
  - libstdcxx-ng ==15.2.0=*_19
  license: GPL-3.0-only WITH GCC-exception-3.1
  license_family: GPL
  run_exports: {}
  size: 5852044
  timestamp: 1778269036376
- conda: https://conda.anaconda.org/conda-forge/linux-64/libzlib-1.3.2-h25fd6f3_2.conda
  sha256: 55044c403570f0dc26e6364de4dc5368e5f3fc7ff103e867c487e2b5ab2bcda9
  md5: d87ff7921124eccd67248aa483c23fec
  depends:
  - __glibc >=2.17,<3.0.a0
  constrains:
  - zlib 1.3.2 *_2
  license: Zlib
  license_family: Other
  run_exports:
    weak:
    - libzlib >=1.3.2,<2.0a0
  size: 63629
  timestamp: 1774072609062
- conda: https://conda.anaconda.org/conda-forge/linux-64/openssl-3.6.3-h35e630c_0.conda
  sha256: d48f5c22b9897c01e4dff3680f1f57ceb02711ab9c62f74339b080419dfad34b
  md5: 79dd2074b5cd5c5c6b2930514a11e22d
  depends:
  - __glibc >=2.17,<3.0.a0
  - ca-certificates
  - libgcc >=14
  license: Apache-2.0
  license_family: Apache
  run_exports:
    weak:
    - openssl >=3.6.3,<4.0a0
  size: 3159683
  timestamp: 1781069855778
- conda: https://conda.anaconda.org/conda-forge/linux-64/pcre2-10.47-haa7fec5_0.conda
  sha256: 5e6f7d161356fefd981948bea5139c5aa0436767751a6930cb1ca801ebb113ff
  md5: 7a3bff861a6583f1889021facefc08b1
  depends:
  - __glibc >=2.17,<3.0.a0
  - bzip2 >=1.0.8,<2.0a0
  - libgcc >=14
  - libzlib >=1.3.1,<2.0a0
  license: BSD-3-Clause
  license_family: BSD
  run_exports:
    weak:
    - pcre2 >=10.47,<10.48.0a0
  size: 1222481
  timestamp: 1763655398280
- conda: https://conda.anaconda.org/conda-forge/noarch/ca-certificates-2026.6.17-hbd8a1cb_0.conda
  sha256: f8e3c730fa14ee3f170493779f06522c4acf89169f43db4f039727709b6419cf
  md5: a9965dd99f683c5f444428f896635716
  depends:
  - __unix
  license: ISC
  run_exports: {}
  size: 128866
  timestamp: 1781708962055
- conda: https://conda.anaconda.org/conda-forge/osx-64/bzip2-1.0.8-h500dc9f_9.conda
  sha256: 9f242f13537ef1ce195f93f0cc162965d6cc79da578568d6d8e50f70dd025c42
  md5: 4173ac3b19ec0a4f400b4f782910368b
  depends:
  - __osx >=10.13
  license: bzip2-1.0.6
  license_family: BSD
  run_exports:
    weak:
    - bzip2 >=1.0.8,<2.0a0
  size: 133427
  timestamp: 1771350680709
- conda: https://conda.anaconda.org/conda-forge/osx-64/gh-2.95.0-h5839d16_0.conda
  sha256: 01018cc8666099d2fbc4fd1d7e13804fd7bd03001720b4482b4e095f494c8342
  md5: f1b09410f097b00d38a406f5c8f08ddb
  constrains:
  - __osx >=10.12
  license: Apache-2.0
  license_family: APACHE
  run_exports: {}
  size: 13276158
  timestamp: 1781736248568
- conda: https://conda.anaconda.org/conda-forge/osx-64/git-cliff-2.13.1-h6d18f09_0.conda
  sha256: cd5aeddc886717c4250604ddab70d8997ce9bf0ea38d4bbcfd9ea220fcb6cd0d
  md5: b300201773644e7003b69a0642ec5d9b
  depends:
  - __osx >=11.0
  - libssh2 >=1.11.1,<2.0a0
  - libzlib >=1.3.2,<2.0a0
  - libgit2 >=1.9.2,<1.10.0a0
  constrains:
  - __osx >=10.13
  license: MIT OR Apache-2.0
  run_exports: {}
  size: 5247937
  timestamp: 1777214924487
- conda: https://conda.anaconda.org/conda-forge/osx-64/libcxx-22.1.8-h19cb2f5_0.conda
  sha256: 57ee997f1f800cf38abc743c0f0a9ddfe6a101c697c35510452ce6f4ddf96361
  md5: 0f600157f28fc7bc9549ecafdfa5bc12
  depends:
  - __osx >=11.0
  license: Apache-2.0 WITH LLVM-exception
  license_family: Apache
  run_exports: {}
  size: 566717
  timestamp: 1781672189697
- conda: https://conda.anaconda.org/conda-forge/osx-64/libgit2-1.9.4-h415d65b_0.conda
  sha256: d63da4229ff6efbcecf7f3254057c5b649c3f7a54cf97c95c5a7bf3f3008d5cf
  md5: ddd7ac8ae872d5b2706c3bdb9edb3de7
  depends:
  - __osx >=11.0
  - libcxx >=19
  - pcre2 >=10.47,<10.48.0a0
  - libssh2 >=1.11.1,<2.0a0
  - openssl >=3.5.6,<4.0a0
  - libzlib >=1.3.2,<2.0a0
  - libiconv >=1.18,<2.0a0
  license: GPL-2.0-only WITH GCC-exception-2.0
  license_family: GPL
  run_exports:
    weak:
    - libgit2 >=1.9.4,<1.10.0a0
  size: 885489
  timestamp: 1779459060576
- conda: https://conda.anaconda.org/conda-forge/osx-64/libiconv-1.18-h57a12c2_2.conda
  sha256: a1c8cecdf9966921e13f0ae921309a1f415dfbd2b791f2117cf7e8f5e61a48b6
  md5: 210a85a1119f97ea7887188d176db135
  depends:
  - __osx >=10.13
  license: LGPL-2.1-only
  run_exports:
    weak:
    - libiconv >=1.18,<2.0a0
  size: 737846
  timestamp: 1754908900138
- conda: https://conda.anaconda.org/conda-forge/osx-64/libssh2-1.11.1-hed3591d_0.conda
  sha256: 00654ba9e5f73aa1f75c1f69db34a19029e970a4aeb0fa8615934d8e9c369c3c
  md5: a6cb15db1c2dc4d3a5f6cf3772e09e81
  depends:
  - __osx >=10.13
  - libzlib >=1.3.1,<2.0a0
  - openssl >=3.5.0,<4.0a0
  license: BSD-3-Clause
  license_family: BSD
  run_exports:
    weak:
    - libssh2 >=1.11.1,<2.0a0
  size: 284216
  timestamp: 1745608575796
- conda: https://conda.anaconda.org/conda-forge/osx-64/libzlib-1.3.2-hbb4bfdb_2.conda
  sha256: 4c6da089952b2d70150c74234679d6f7ac04f4a98f9432dec724968f912691e7
  md5: 30439ff30578e504ee5e0b390afc8c65
  depends:
  - __osx >=11.0
  constrains:
  - zlib 1.3.2 *_2
  license: Zlib
  license_family: Other
  run_exports:
    weak:
    - libzlib >=1.3.2,<2.0a0
  size: 59000
  timestamp: 1774073052242
- conda: https://conda.anaconda.org/conda-forge/osx-64/openssl-3.6.3-hc881268_0.conda
  sha256: 819d4368d6b5b298fa40d4bc836c1250842489002cacf3fb918a13ee2033b7c6
  md5: 46be42ab403712fd349d007d763bf767
  depends:
  - __osx >=11.0
  - ca-certificates
  license: Apache-2.0
  license_family: Apache
  run_exports:
    weak:
    - openssl >=3.6.3,<4.0a0
  size: 2775300
  timestamp: 1781071391999
- conda: https://conda.anaconda.org/conda-forge/osx-64/pcre2-10.47-h13923f0_0.conda
  sha256: 8d64a9d36073346542e5ea042ef8207a45a0069a2e65ce3323ee3146db78134c
  md5: 08f970fb2b75f5be27678e077ebedd46
  depends:
  - __osx >=10.13
  - bzip2 >=1.0.8,<2.0a0
  - libzlib >=1.3.1,<2.0a0
  license: BSD-3-Clause
  license_family: BSD
  run_exports:
    weak:
    - pcre2 >=10.47,<10.48.0a0
  size: 1106584
  timestamp: 1763655837207
- conda: https://conda.anaconda.org/conda-forge/osx-arm64/bzip2-1.0.8-hd037594_9.conda
  sha256: 540fe54be35fac0c17feefbdc3e29725cce05d7367ffedfaaa1bdda234b019df
  md5: 620b85a3f45526a8bc4d23fd78fc22f0
  depends:
  - __osx >=11.0
  license: bzip2-1.0.6
  license_family: BSD
  run_exports:
    weak:
    - bzip2 >=1.0.8,<2.0a0
  size: 124834
  timestamp: 1771350416561
- conda: https://conda.anaconda.org/conda-forge/osx-arm64/gh-2.95.0-hf76c51c_0.conda
  sha256: 8ddbb6771790ed5a47a29f83550bc63f6ad329b92a67d68907f1836413b2063f
  md5: 321d4454a5532349e9339da27d3e43e2
  license: Apache-2.0
  license_family: APACHE
  run_exports: {}
  size: 11995740
  timestamp: 1781736175883
- conda: https://conda.anaconda.org/conda-forge/osx-arm64/git-cliff-2.13.1-h5a0b6fd_0.conda
  sha256: f906e12eb4eb5dc59ab95bc6bab7bbbed6b64a769eded30cb80a87248c4098e6
  md5: 736a43b71950d6f4df56f485bbb4e3e7
  depends:
  - __osx >=11.0
  - libgit2 >=1.9.2,<1.10.0a0
  - libzlib >=1.3.2,<2.0a0
  - libssh2 >=1.11.1,<2.0a0
  constrains:
  - __osx >=11.0
  license: MIT OR Apache-2.0
  run_exports: {}
  size: 4889040
  timestamp: 1777214915812
- conda: https://conda.anaconda.org/conda-forge/osx-arm64/libcxx-22.1.8-h55c6f16_0.conda
  sha256: a2e7abab5add9750fab064c024394de48e49f97631c605ad5db5c8ac3fc769ef
  md5: 89f76a2a21a3ec3ec983b5eb237c4113
  depends:
  - __osx >=11.0
  license: Apache-2.0 WITH LLVM-exception
  license_family: Apache
  run_exports: {}
  size: 569349
  timestamp: 1781670209146
- conda: https://conda.anaconda.org/conda-forge/osx-arm64/libgit2-1.9.4-h9a1894c_0.conda
  sha256: 12a492f29abc765a74d9b250519204bdaf689ce2aae7eb9671553592dafb01be
  md5: 605b261955c4ab0e35d49537f1ef3410
  depends:
  - libcxx >=19
  - __osx >=11.0
  - openssl >=3.5.6,<4.0a0
  - libiconv >=1.18,<2.0a0
  - libssh2 >=1.11.1,<2.0a0
  - libzlib >=1.3.2,<2.0a0
  - pcre2 >=10.47,<10.48.0a0
  license: GPL-2.0-only WITH GCC-exception-2.0
  license_family: GPL
  run_exports:
    weak:
    - libgit2 >=1.9.4,<1.10.0a0
  size: 838995
  timestamp: 1779458992412
- conda: https://conda.anaconda.org/conda-forge/osx-arm64/libiconv-1.18-h23cfdf5_2.conda
  sha256: de0336e800b2af9a40bdd694b03870ac4a848161b35c8a2325704f123f185f03
  md5: 4d5a7445f0b25b6a3ddbb56e790f5251
  depends:
  - __osx >=11.0
  license: LGPL-2.1-only
  run_exports:
    weak:
    - libiconv >=1.18,<2.0a0
  size: 750379
  timestamp: 1754909073836
- conda: https://conda.anaconda.org/conda-forge/osx-arm64/libssh2-1.11.1-h1590b86_0.conda
  sha256: 8bfe837221390ffc6f111ecca24fa12d4a6325da0c8d131333d63d6c37f27e0a
  md5: b68e8f66b94b44aaa8de4583d3d4cc40
  depends:
  - libzlib >=1.3.1,<2.0a0
  - openssl >=3.5.0,<4.0a0
  license: BSD-3-Clause
  license_family: BSD
  run_exports:
    weak:
    - libssh2 >=1.11.1,<2.0a0
  size: 279193
  timestamp: 1745608793272
- conda: https://conda.anaconda.org/conda-forge/osx-arm64/libzlib-1.3.2-h8088a28_2.conda
  sha256: 361415a698514b19a852f5d1123c5da746d4642139904156ddfca7c922d23a05
  md5: bc5a5721b6439f2f62a84f2548136082
  depends:
  - __osx >=11.0
  constrains:
  - zlib 1.3.2 *_2
  license: Zlib
  license_family: Other
  run_exports:
    weak:
    - libzlib >=1.3.2,<2.0a0
  size: 47759
  timestamp: 1774072956767
- conda: https://conda.anaconda.org/conda-forge/osx-arm64/openssl-3.6.3-hd24854e_0.conda
  sha256: b3e3ca895c336d4eb91c5d2f244a312bdb59a0de8cfa0cc4c179225ab2f6bbfb
  md5: 8187a86242741725bfa74785fe812979
  depends:
  - __osx >=11.0
  - ca-certificates
  license: Apache-2.0
  license_family: Apache
  run_exports:
    weak:
    - openssl >=3.6.3,<4.0a0
  size: 3102584
  timestamp: 1781069820667
- conda: https://conda.anaconda.org/conda-forge/osx-arm64/pcre2-10.47-h30297fc_0.conda
  sha256: 5e2e443f796f2fd92adf7978286a525fb768c34e12b1ee9ded4000a41b2894ba
  md5: 9b4190c4055435ca3502070186eba53a
  depends:
  - __osx >=11.0
  - bzip2 >=1.0.8,<2.0a0
  - libzlib >=1.3.1,<2.0a0
  license: BSD-3-Clause
  license_family: BSD
  run_exports:
    weak:
    - pcre2 >=10.47,<10.48.0a0
  size: 850231
  timestamp: 1763655726735
